// !$*UTF8*$!
{
	archiveVersion = 1;
	classes = {
	};
	objectVersion = 51;
	objects = {

/* Begin PBXBuildFile section */
		5B08E964974D558355E3EF04 /* Pods_Instagrahm.framework in Frameworks */ = {isa = PBXBuildFile; fileRef = D320F3669FFC647395DA6D67 /* Pods_Instagrahm.framework */; };
		C7B06A1F9E2E4254A4AD46D3 /* Pods_InstagrahmTests.framework in Frameworks */ = {isa = PBXBuildFile; fileRef = 5C4D7DF007FA973D737DFA31 /* Pods_InstagrahmTests.framework */; };
		E3B23ED5298A6378DB733426 /* Pods_InstagrahmUITests.framework in Frameworks */ = {isa = PBXBuildFile; fileRef = 2D4EFD25B692A82340B01E87 /* Pods_InstagrahmUITests.framework */; };
		E79639CC22D401E50058A50B /* AppDelegate.m in Sources */ = {isa = PBXBuildFile; fileRef = E79639CB22D401E50058A50B /* AppDelegate.m */; };
		E79639D222D401E50058A50B /* Main.storyboard in Resources */ = {isa = PBXBuildFile; fileRef = E79639D022D401E50058A50B /* Main.storyboard */; };
		E79639D422D401E50058A50B /* Assets.xcassets in Resources */ = {isa = PBXBuildFile; fileRef = E79639D322D401E50058A50B /* Assets.xcassets */; };
		E79639D722D401E50058A50B /* LaunchScreen.storyboard in Resources */ = {isa = PBXBuildFile; fileRef = E79639D522D401E50058A50B /* LaunchScreen.storyboard */; };
		E79639DA22D401E50058A50B /* main.m in Sources */ = {isa = PBXBuildFile; fileRef = E79639D922D401E50058A50B /* main.m */; };
		E79639E422D401E50058A50B /* InstagrahmTests.m in Sources */ = {isa = PBXBuildFile; fileRef = E79639E322D401E50058A50B /* InstagrahmTests.m */; };
		E79639EF22D401E50058A50B /* InstagrahmUITests.m in Sources */ = {isa = PBXBuildFile; fileRef = E79639EE22D401E50058A50B /* InstagrahmUITests.m */; };
		E79639FF22D41C740058A50B /* IGTimelineViewController.m in Sources */ = {isa = PBXBuildFile; fileRef = E79639FE22D41C740058A50B /* IGTimelineViewController.m */; };
		E7963A0222D41E560058A50B /* IGLoginViewController.m in Sources */ = {isa = PBXBuildFile; fileRef = E7963A0122D41E560058A50B /* IGLoginViewController.m */; };
		E7A6482722D441AF005281B7 /* IGCreateAccountViewController.m in Sources */ = {isa = PBXBuildFile; fileRef = E7A6482622D441AF005281B7 /* IGCreateAccountViewController.m */; };
/* End PBXBuildFile section */

/* Begin PBXContainerItemProxy section */
		E79639E022D401E50058A50B /* PBXContainerItemProxy */ = {
			isa = PBXContainerItemProxy;
			containerPortal = E79639BF22D401E50058A50B /* Project object */;
			proxyType = 1;
			remoteGlobalIDString = E79639C622D401E50058A50B;
			remoteInfo = Instagrahm;
		};
		E79639EB22D401E50058A50B /* PBXContainerItemProxy */ = {
			isa = PBXContainerItemProxy;
			containerPortal = E79639BF22D401E50058A50B /* Project object */;
			proxyType = 1;
			remoteGlobalIDString = E79639C622D401E50058A50B;
			remoteInfo = Instagrahm;
		};
/* End PBXContainerItemProxy section */

/* Begin PBXFileReference section */
		054360110C9F4C290D511EAE /* Pods-InstagrahmTests.release.xcconfig */ = {isa = PBXFileReference; includeInIndex = 1; lastKnownFileType = text.xcconfig; name = "Pods-InstagrahmTests.release.xcconfig"; path = "Target Support Files/Pods-InstagrahmTests/Pods-InstagrahmTests.release.xcconfig"; sourceTree = "<group>"; };
		2D4EFD25B692A82340B01E87 /* Pods_InstagrahmUITests.framework */ = {isa = PBXFileReference; explicitFileType = wrapper.framework; includeInIndex = 0; path = Pods_InstagrahmUITests.framework; sourceTree = BUILT_PRODUCTS_DIR; };
		4280930755880C8EE8F02A82 /* Pods-InstagrahmUITests.debug.xcconfig */ = {isa = PBXFileReference; includeInIndex = 1; lastKnownFileType = text.xcconfig; name = "Pods-InstagrahmUITests.debug.xcconfig"; path = "Target Support Files/Pods-InstagrahmUITests/Pods-InstagrahmUITests.debug.xcconfig"; sourceTree = "<group>"; };
		5C15542B1DE4AAA2FC4A5984 /* Pods-Instagrahm.debug.xcconfig */ = {isa = PBXFileReference; includeInIndex = 1; lastKnownFileType = text.xcconfig; name = "Pods-Instagrahm.debug.xcconfig"; path = "Target Support Files/Pods-Instagrahm/Pods-Instagrahm.debug.xcconfig"; sourceTree = "<group>"; };
		5C4D7DF007FA973D737DFA31 /* Pods_InstagrahmTests.framework */ = {isa = PBXFileReference; explicitFileType = wrapper.framework; includeInIndex = 0; path = Pods_InstagrahmTests.framework; sourceTree = BUILT_PRODUCTS_DIR; };
		C330ACF4C1FB4BEED4C2DC99 /* Pods-Instagrahm.release.xcconfig */ = {isa = PBXFileReference; includeInIndex = 1; lastKnownFileType = text.xcconfig; name = "Pods-Instagrahm.release.xcconfig"; path = "Target Support Files/Pods-Instagrahm/Pods-Instagrahm.release.xcconfig"; sourceTree = "<group>"; };
		D320F3669FFC647395DA6D67 /* Pods_Instagrahm.framework */ = {isa = PBXFileReference; explicitFileType = wrapper.framework; includeInIndex = 0; path = Pods_Instagrahm.framework; sourceTree = BUILT_PRODUCTS_DIR; };
		E79639C722D401E50058A50B /* Instagrahm.app */ = {isa = PBXFileReference; explicitFileType = wrapper.application; includeInIndex = 0; path = Instagrahm.app; sourceTree = BUILT_PRODUCTS_DIR; };
		E79639CA22D401E50058A50B /* AppDelegate.h */ = {isa = PBXFileReference; lastKnownFileType = sourcecode.c.h; path = AppDelegate.h; sourceTree = "<group>"; };
		E79639CB22D401E50058A50B /* AppDelegate.m */ = {isa = PBXFileReference; lastKnownFileType = sourcecode.c.objc; path = AppDelegate.m; sourceTree = "<group>"; };
		E79639D122D401E50058A50B /* Base */ = {isa = PBXFileReference; lastKnownFileType = file.storyboard; name = Base; path = Base.lproj/Main.storyboard; sourceTree = "<group>"; };
		E79639D322D401E50058A50B /* Assets.xcassets */ = {isa = PBXFileReference; lastKnownFileType = folder.assetcatalog; path = Assets.xcassets; sourceTree = "<group>"; };
		E79639D622D401E50058A50B /* Base */ = {isa = PBXFileReference; lastKnownFileType = file.storyboard; name = Base; path = Base.lproj/LaunchScreen.storyboard; sourceTree = "<group>"; };
		E79639D822D401E50058A50B /* Info.plist */ = {isa = PBXFileReference; lastKnownFileType = text.plist.xml; path = Info.plist; sourceTree = "<group>"; };
		E79639D922D401E50058A50B /* main.m */ = {isa = PBXFileReference; lastKnownFileType = sourcecode.c.objc; path = main.m; sourceTree = "<group>"; };
		E79639DF22D401E50058A50B /* InstagrahmTests.xctest */ = {isa = PBXFileReference; explicitFileType = wrapper.cfbundle; includeInIndex = 0; path = InstagrahmTests.xctest; sourceTree = BUILT_PRODUCTS_DIR; };
		E79639E322D401E50058A50B /* InstagrahmTests.m */ = {isa = PBXFileReference; lastKnownFileType = sourcecode.c.objc; path = InstagrahmTests.m; sourceTree = "<group>"; };
		E79639E522D401E50058A50B /* Info.plist */ = {isa = PBXFileReference; lastKnownFileType = text.plist.xml; path = Info.plist; sourceTree = "<group>"; };
		E79639EA22D401E50058A50B /* InstagrahmUITests.xctest */ = {isa = PBXFileReference; explicitFileType = wrapper.cfbundle; includeInIndex = 0; path = InstagrahmUITests.xctest; sourceTree = BUILT_PRODUCTS_DIR; };
		E79639EE22D401E50058A50B /* InstagrahmUITests.m */ = {isa = PBXFileReference; lastKnownFileType = sourcecode.c.objc; path = InstagrahmUITests.m; sourceTree = "<group>"; };
		E79639F022D401E50058A50B /* Info.plist */ = {isa = PBXFileReference; lastKnownFileType = text.plist.xml; path = Info.plist; sourceTree = "<group>"; };
		E79639FD22D41C740058A50B /* IGTimelineViewController.h */ = {isa = PBXFileReference; lastKnownFileType = sourcecode.c.h; path = IGTimelineViewController.h; sourceTree = "<group>"; };
		E79639FE22D41C740058A50B /* IGTimelineViewController.m */ = {isa = PBXFileReference; lastKnownFileType = sourcecode.c.objc; path = IGTimelineViewController.m; sourceTree = "<group>"; };
		E7963A0022D41E560058A50B /* IGLoginViewController.h */ = {isa = PBXFileReference; lastKnownFileType = sourcecode.c.h; path = IGLoginViewController.h; sourceTree = "<group>"; };
		E7963A0122D41E560058A50B /* IGLoginViewController.m */ = {isa = PBXFileReference; lastKnownFileType = sourcecode.c.objc; path = IGLoginViewController.m; sourceTree = "<group>"; };
		E7A6482522D441AF005281B7 /* IGCreateAccountViewController.h */ = {isa = PBXFileReference; lastKnownFileType = sourcecode.c.h; path = IGCreateAccountViewController.h; sourceTree = "<group>"; };
		E7A6482622D441AF005281B7 /* IGCreateAccountViewController.m */ = {isa = PBXFileReference; lastKnownFileType = sourcecode.c.objc; path = IGCreateAccountViewController.m; sourceTree = "<group>"; };
		FA5A13EE375F79C23FCD29DC /* Pods-InstagrahmUITests.release.xcconfig */ = {isa = PBXFileReference; includeInIndex = 1; lastKnownFileType = text.xcconfig; name = "Pods-InstagrahmUITests.release.xcconfig"; path = "Target Support Files/Pods-InstagrahmUITests/Pods-InstagrahmUITests.release.xcconfig"; sourceTree = "<group>"; };
		FEE1FF24D3C385FEE6975DBB /* Pods-InstagrahmTests.debug.xcconfig */ = {isa = PBXFileReference; includeInIndex = 1; lastKnownFileType = text.xcconfig; name = "Pods-InstagrahmTests.debug.xcconfig"; path = "Target Support Files/Pods-InstagrahmTests/Pods-InstagrahmTests.debug.xcconfig"; sourceTree = "<group>"; };
/* End PBXFileReference section */

/* Begin PBXFrameworksBuildPhase section */
		E79639C422D401E50058A50B /* Frameworks */ = {
			isa = PBXFrameworksBuildPhase;
			buildActionMask = 2147483647;
			files = (
				5B08E964974D558355E3EF04 /* Pods_Instagrahm.framework in Frameworks */,
			);
			runOnlyForDeploymentPostprocessing = 0;
		};
		E79639DC22D401E50058A50B /* Frameworks */ = {
			isa = PBXFrameworksBuildPhase;
			buildActionMask = 2147483647;
			files = (
				C7B06A1F9E2E4254A4AD46D3 /* Pods_InstagrahmTests.framework in Frameworks */,
			);
			runOnlyForDeploymentPostprocessing = 0;
		};
		E79639E722D401E50058A50B /* Frameworks */ = {
			isa = PBXFrameworksBuildPhase;
			buildActionMask = 2147483647;
			files = (
				E3B23ED5298A6378DB733426 /* Pods_InstagrahmUITests.framework in Frameworks */,
			);
			runOnlyForDeploymentPostprocessing = 0;
		};
/* End PBXFrameworksBuildPhase section */

/* Begin PBXGroup section */
		5E12F37268A0B55CCDCEA3B1 /* Pods */ = {
			isa = PBXGroup;
			children = (
				5C15542B1DE4AAA2FC4A5984 /* Pods-Instagrahm.debug.xcconfig */,
				C330ACF4C1FB4BEED4C2DC99 /* Pods-Instagrahm.release.xcconfig */,
				FEE1FF24D3C385FEE6975DBB /* Pods-InstagrahmTests.debug.xcconfig */,
				054360110C9F4C290D511EAE /* Pods-InstagrahmTests.release.xcconfig */,
				4280930755880C8EE8F02A82 /* Pods-InstagrahmUITests.debug.xcconfig */,
				FA5A13EE375F79C23FCD29DC /* Pods-InstagrahmUITests.release.xcconfig */,
			);
			path = Pods;
			sourceTree = "<group>";
		};
		A2BE530BA2BB5596FC02B74A /* Frameworks */ = {
			isa = PBXGroup;
			children = (
				D320F3669FFC647395DA6D67 /* Pods_Instagrahm.framework */,
				5C4D7DF007FA973D737DFA31 /* Pods_InstagrahmTests.framework */,
				2D4EFD25B692A82340B01E87 /* Pods_InstagrahmUITests.framework */,
			);
			name = Frameworks;
			sourceTree = "<group>";
		};
		E79639BE22D401E50058A50B = {
			isa = PBXGroup;
			children = (
				E79639C922D401E50058A50B /* Instagrahm */,
				E79639E222D401E50058A50B /* InstagrahmTests */,
				E79639ED22D401E50058A50B /* InstagrahmUITests */,
				E79639C822D401E50058A50B /* Products */,
				5E12F37268A0B55CCDCEA3B1 /* Pods */,
				A2BE530BA2BB5596FC02B74A /* Frameworks */,
			);
			sourceTree = "<group>";
		};
		E79639C822D401E50058A50B /* Products */ = {
			isa = PBXGroup;
			children = (
				E79639C722D401E50058A50B /* Instagrahm.app */,
				E79639DF22D401E50058A50B /* InstagrahmTests.xctest */,
				E79639EA22D401E50058A50B /* InstagrahmUITests.xctest */,
			);
			name = Products;
			sourceTree = "<group>";
		};
		E79639C922D401E50058A50B /* Instagrahm */ = {
			isa = PBXGroup;
			children = (
				E79639FC22D4144E0058A50B /* ViewControllers */,
				E79639CA22D401E50058A50B /* AppDelegate.h */,
				E79639CB22D401E50058A50B /* AppDelegate.m */,
				E79639D022D401E50058A50B /* Main.storyboard */,
				E79639D322D401E50058A50B /* Assets.xcassets */,
				E79639D522D401E50058A50B /* LaunchScreen.storyboard */,
				E79639D822D401E50058A50B /* Info.plist */,
				E79639D922D401E50058A50B /* main.m */,
			);
			path = Instagrahm;
			sourceTree = "<group>";
		};
		E79639E222D401E50058A50B /* InstagrahmTests */ = {
			isa = PBXGroup;
			children = (
				E79639E322D401E50058A50B /* InstagrahmTests.m */,
				E79639E522D401E50058A50B /* Info.plist */,
			);
			path = InstagrahmTests;
			sourceTree = "<group>";
		};
		E79639ED22D401E50058A50B /* InstagrahmUITests */ = {
			isa = PBXGroup;
			children = (
				E79639EE22D401E50058A50B /* InstagrahmUITests.m */,
				E79639F022D401E50058A50B /* Info.plist */,
			);
			path = InstagrahmUITests;
			sourceTree = "<group>";
		};
		E79639FC22D4144E0058A50B /* ViewControllers */ = {
			isa = PBXGroup;
			children = (
				E79639FD22D41C740058A50B /* IGTimelineViewController.h */,
				E79639FE22D41C740058A50B /* IGTimelineViewController.m */,
				E7963A0022D41E560058A50B /* IGLoginViewController.h */,
				E7963A0122D41E560058A50B /* IGLoginViewController.m */,
				E7A6482522D441AF005281B7 /* IGCreateAccountViewController.h */,
				E7A6482622D441AF005281B7 /* IGCreateAccountViewController.m */,
			);
			path = ViewControllers;
			sourceTree = "<group>";
		};
/* End PBXGroup section */

/* Begin PBXNativeTarget section */
		E79639C622D401E50058A50B /* Instagrahm */ = {
			isa = PBXNativeTarget;
			buildConfigurationList = E79639F322D401E50058A50B /* Build configuration list for PBXNativeTarget "Instagrahm" */;
			buildPhases = (
				265325E66E1F70E84C110F5C /* [CP] Check Pods Manifest.lock */,
				E79639C322D401E50058A50B /* Sources */,
				E79639C422D401E50058A50B /* Frameworks */,
				E79639C522D401E50058A50B /* Resources */,
				F8D71D5CA4ED39927A7A81D9 /* [CP] Embed Pods Frameworks */,
			);
			buildRules = (
			);
			dependencies = (
			);
			name = Instagrahm;
			productName = Instagrahm;
			productReference = E79639C722D401E50058A50B /* Instagrahm.app */;
			productType = "com.apple.product-type.application";
		};
		E79639DE22D401E50058A50B /* InstagrahmTests */ = {
			isa = PBXNativeTarget;
			buildConfigurationList = E79639F622D401E50058A50B /* Build configuration list for PBXNativeTarget "InstagrahmTests" */;
			buildPhases = (
				3D1C5873EB19F7402F1E6729 /* [CP] Check Pods Manifest.lock */,
				E79639DB22D401E50058A50B /* Sources */,
				E79639DC22D401E50058A50B /* Frameworks */,
				E79639DD22D401E50058A50B /* Resources */,
			);
			buildRules = (
			);
			dependencies = (
				E79639E122D401E50058A50B /* PBXTargetDependency */,
			);
			name = InstagrahmTests;
			productName = InstagrahmTests;
			productReference = E79639DF22D401E50058A50B /* InstagrahmTests.xctest */;
			productType = "com.apple.product-type.bundle.unit-test";
		};
		E79639E922D401E50058A50B /* InstagrahmUITests */ = {
			isa = PBXNativeTarget;
			buildConfigurationList = E79639F922D401E50058A50B /* Build configuration list for PBXNativeTarget "InstagrahmUITests" */;
			buildPhases = (
				5B64897FEEA7F8C110B09EAF /* [CP] Check Pods Manifest.lock */,
				E79639E622D401E50058A50B /* Sources */,
				E79639E722D401E50058A50B /* Frameworks */,
				E79639E822D401E50058A50B /* Resources */,
			);
			buildRules = (
			);
			dependencies = (
				E79639EC22D401E50058A50B /* PBXTargetDependency */,
			);
			name = InstagrahmUITests;
			productName = InstagrahmUITests;
			productReference = E79639EA22D401E50058A50B /* InstagrahmUITests.xctest */;
			productType = "com.apple.product-type.bundle.ui-testing";
		};
/* End PBXNativeTarget section */

/* Begin PBXProject section */
		E79639BF22D401E50058A50B /* Project object */ = {
			isa = PBXProject;
			attributes = {
				LastUpgradeCheck = 1020;
				ORGANIZATIONNAME = amandahar;
				TargetAttributes = {
					E79639C622D401E50058A50B = {
						CreatedOnToolsVersion = 10.2.1;
					};
					E79639DE22D401E50058A50B = {
						CreatedOnToolsVersion = 10.2.1;
						TestTargetID = E79639C622D401E50058A50B;
					};
					E79639E922D401E50058A50B = {
						CreatedOnToolsVersion = 10.2.1;
						TestTargetID = E79639C622D401E50058A50B;
					};
				};
			};
			buildConfigurationList = E79639C222D401E50058A50B /* Build configuration list for PBXProject "Instagrahm" */;
			compatibilityVersion = "Xcode 9.3";
			developmentRegion = en;
			hasScannedForEncodings = 0;
			knownRegions = (
				en,
				Base,
			);
			mainGroup = E79639BE22D401E50058A50B;
			productRefGroup = E79639C822D401E50058A50B /* Products */;
			projectDirPath = "";
			projectRoot = "";
			targets = (
				E79639C622D401E50058A50B /* Instagrahm */,
				E79639DE22D401E50058A50B /* InstagrahmTests */,
				E79639E922D401E50058A50B /* InstagrahmUITests */,
			);
		};
/* End PBXProject section */

/* Begin PBXResourcesBuildPhase section */
		E79639C522D401E50058A50B /* Resources */ = {
			isa = PBXResourcesBuildPhase;
			buildActionMask = 2147483647;
			files = (
				E79639D722D401E50058A50B /* LaunchScreen.storyboard in Resources */,
				E79639D422D401E50058A50B /* Assets.xcassets in Resources */,
				E79639D222D401E50058A50B /* Main.storyboard in Resources */,
			);
			runOnlyForDeploymentPostprocessing = 0;
		};
		E79639DD22D401E50058A50B /* Resources */ = {
			isa = PBXResourcesBuildPhase;
			buildActionMask = 2147483647;
			files = (
			);
			runOnlyForDeploymentPostprocessing = 0;
		};
		E79639E822D401E50058A50B /* Resources */ = {
			isa = PBXResourcesBuildPhase;
			buildActionMask = 2147483647;
			files = (
			);
			runOnlyForDeploymentPostprocessing = 0;
		};
/* End PBXResourcesBuildPhase section */

/* Begin PBXShellScriptBuildPhase section */
		265325E66E1F70E84C110F5C /* [CP] Check Pods Manifest.lock */ = {
			isa = PBXShellScriptBuildPhase;
			buildActionMask = 2147483647;
			files = (
			);
			inputFileListPaths = (
			);
			inputPaths = (
				"${PODS_PODFILE_DIR_PATH}/Podfile.lock",
				"${PODS_ROOT}/Manifest.lock",
			);
			name = "[CP] Check Pods Manifest.lock";
			outputFileListPaths = (
			);
			outputPaths = (
				"$(DERIVED_FILE_DIR)/Pods-Instagrahm-checkManifestLockResult.txt",
			);
			runOnlyForDeploymentPostprocessing = 0;
			shellPath = /bin/sh;
			shellScript = "diff \"${PODS_PODFILE_DIR_PATH}/Podfile.lock\" \"${PODS_ROOT}/Manifest.lock\" > /dev/null\nif [ $? != 0 ] ; then\n    # print error to STDERR\n    echo \"error: The sandbox is not in sync with the Podfile.lock. Run 'pod install' or update your CocoaPods installation.\" >&2\n    exit 1\nfi\n# This output is used by Xcode 'outputs' to avoid re-running this script phase.\necho \"SUCCESS\" > \"${SCRIPT_OUTPUT_FILE_0}\"\n";
			showEnvVarsInLog = 0;
		};
		3D1C5873EB19F7402F1E6729 /* [CP] Check Pods Manifest.lock */ = {
			isa = PBXShellScriptBuildPhase;
			buildActionMask = 2147483647;
			files = (
			);
			inputFileListPaths = (
			);
			inputPaths = (
				"${PODS_PODFILE_DIR_PATH}/Podfile.lock",
				"${PODS_ROOT}/Manifest.lock",
			);
			name = "[CP] Check Pods Manifest.lock";
			outputFileListPaths = (
			);
			outputPaths = (
				"$(DERIVED_FILE_DIR)/Pods-InstagrahmTests-checkManifestLockResult.txt",
			);
			runOnlyForDeploymentPostprocessing = 0;
			shellPath = /bin/sh;
			shellScript = "diff \"${PODS_PODFILE_DIR_PATH}/Podfile.lock\" \"${PODS_ROOT}/Manifest.lock\" > /dev/null\nif [ $? != 0 ] ; then\n    # print error to STDERR\n    echo \"error: The sandbox is not in sync with the Podfile.lock. Run 'pod install' or update your CocoaPods installation.\" >&2\n    exit 1\nfi\n# This output is used by Xcode 'outputs' to avoid re-running this script phase.\necho \"SUCCESS\" > \"${SCRIPT_OUTPUT_FILE_0}\"\n";
			showEnvVarsInLog = 0;
		};
		5B64897FEEA7F8C110B09EAF /* [CP] Check Pods Manifest.lock */ = {
			isa = PBXShellScriptBuildPhase;
			buildActionMask = 2147483647;
			files = (
			);
			inputFileListPaths = (
			);
			inputPaths = (
				"${PODS_PODFILE_DIR_PATH}/Podfile.lock",
				"${PODS_ROOT}/Manifest.lock",
			);
			name = "[CP] Check Pods Manifest.lock";
			outputFileListPaths = (
			);
			outputPaths = (
				"$(DERIVED_FILE_DIR)/Pods-InstagrahmUITests-checkManifestLockResult.txt",
			);
			runOnlyForDeploymentPostprocessing = 0;
			shellPath = /bin/sh;
			shellScript = "diff \"${PODS_PODFILE_DIR_PATH}/Podfile.lock\" \"${PODS_ROOT}/Manifest.lock\" > /dev/null\nif [ $? != 0 ] ; then\n    # print error to STDERR\n    echo \"error: The sandbox is not in sync with the Podfile.lock. Run 'pod install' or update your CocoaPods installation.\" >&2\n    exit 1\nfi\n# This output is used by Xcode 'outputs' to avoid re-running this script phase.\necho \"SUCCESS\" > \"${SCRIPT_OUTPUT_FILE_0}\"\n";
			showEnvVarsInLog = 0;
		};
		F8D71D5CA4ED39927A7A81D9 /* [CP] Embed Pods Frameworks */ = {
			isa = PBXShellScriptBuildPhase;
			buildActionMask = 2147483647;
			files = (
			);
			inputFileListPaths = (
				"${PODS_ROOT}/Target Support Files/Pods-Instagrahm/Pods-Instagrahm-frameworks-${CONFIGURATION}-input-files.xcfilelist",
			);
			name = "[CP] Embed Pods Frameworks";
			outputFileListPaths = (
				"${PODS_ROOT}/Target Support Files/Pods-Instagrahm/Pods-Instagrahm-frameworks-${CONFIGURATION}-output-files.xcfilelist",
			);
			runOnlyForDeploymentPostprocessing = 0;
			shellPath = /bin/sh;
			shellScript = "\"${PODS_ROOT}/Target Support Files/Pods-Instagrahm/Pods-Instagrahm-frameworks.sh\"\n";
			showEnvVarsInLog = 0;
		};
/* End PBXShellScriptBuildPhase section */

/* Begin PBXSourcesBuildPhase section */
		E79639C322D401E50058A50B /* Sources */ = {
			isa = PBXSourcesBuildPhase;
			buildActionMask = 2147483647;
			files = (
				E79639FF22D41C740058A50B /* IGTimelineViewController.m in Sources */,
				E7A6482722D441AF005281B7 /* IGCreateAccountViewController.m in Sources */,
				E79639DA22D401E50058A50B /* main.m in Sources */,
				E7963A0222D41E560058A50B /* IGLoginViewController.m in Sources */,
				E79639CC22D401E50058A50B /* AppDelegate.m in Sources */,
			);
			runOnlyForDeploymentPostprocessing = 0;
		};
		E79639DB22D401E50058A50B /* Sources */ = {
			isa = PBXSourcesBuildPhase;
			buildActionMask = 2147483647;
			files = (
				E79639E422D401E50058A50B /* InstagrahmTests.m in Sources */,
			);
			runOnlyForDeploymentPostprocessing = 0;
		};
		E79639E622D401E50058A50B /* Sources */ = {
			isa = PBXSourcesBuildPhase;
			buildActionMask = 2147483647;
			files = (
				E79639EF22D401E50058A50B /* InstagrahmUITests.m in Sources */,
			);
			runOnlyForDeploymentPostprocessing = 0;
		};
/* End PBXSourcesBuildPhase section */

/* Begin PBXTargetDependency section */
		E79639E122D401E50058A50B /* PBXTargetDependency */ = {
			isa = PBXTargetDependency;
			target = E79639C622D401E50058A50B /* Instagrahm */;
			targetProxy = E79639E022D401E50058A50B /* PBXContainerItemProxy */;
		};
		E79639EC22D401E50058A50B /* PBXTargetDependency */ = {
			isa = PBXTargetDependency;
			target = E79639C622D401E50058A50B /* Instagrahm */;
			targetProxy = E79639EB22D401E50058A50B /* PBXContainerItemProxy */;
		};
/* End PBXTargetDependency section */

/* Begin PBXVariantGroup section */
		E79639D022D401E50058A50B /* Main.storyboard */ = {
			isa = PBXVariantGroup;
			children = (
				E79639D122D401E50058A50B /* Base */,
			);
			name = Main.storyboard;
			sourceTree = "<group>";
		};
		E79639D522D401E50058A50B /* LaunchScreen.storyboard */ = {
			isa = PBXVariantGroup;
			children = (
				E79639D622D401E50058A50B /* Base */,
			);
			name = LaunchScreen.storyboard;
			sourceTree = "<group>";
		};
/* End PBXVariantGroup section */

/* Begin XCBuildConfiguration section */
		E79639F122D401E50058A50B /* Debug */ = {
			isa = XCBuildConfiguration;
			buildSettings = {
				ALWAYS_SEARCH_USER_PATHS = NO;
				CLANG_ANALYZER_NONNULL = YES;
				CLANG_ANALYZER_NUMBER_OBJECT_CONVERSION = YES_AGGRESSIVE;
				CLANG_CXX_LANGUAGE_STANDARD = "gnu++14";
				CLANG_CXX_LIBRARY = "libc++";
				CLANG_ENABLE_MODULES = YES;
				CLANG_ENABLE_OBJC_ARC = YES;
				CLANG_ENABLE_OBJC_WEAK = YES;
				CLANG_WARN_BLOCK_CAPTURE_AUTORELEASING = YES;
				CLANG_WARN_BOOL_CONVERSION = YES;
				CLANG_WARN_COMMA = YES;
				CLANG_WARN_CONSTANT_CONVERSION = YES;
				CLANG_WARN_DEPRECATED_OBJC_IMPLEMENTATIONS = YES;
				CLANG_WARN_DIRECT_OBJC_ISA_USAGE = YES_ERROR;
				CLANG_WARN_DOCUMENTATION_COMMENTS = YES;
				CLANG_WARN_EMPTY_BODY = YES;
				CLANG_WARN_ENUM_CONVERSION = YES;
				CLANG_WARN_INFINITE_RECURSION = YES;
				CLANG_WARN_INT_CONVERSION = YES;
				CLANG_WARN_NON_LITERAL_NULL_CONVERSION = YES;
				CLANG_WARN_OBJC_IMPLICIT_RETAIN_SELF = YES;
				CLANG_WARN_OBJC_LITERAL_CONVERSION = YES;
				CLANG_WARN_OBJC_ROOT_CLASS = YES_ERROR;
				CLANG_WARN_RANGE_LOOP_ANALYSIS = YES;
				CLANG_WARN_STRICT_PROTOTYPES = YES;
				CLANG_WARN_SUSPICIOUS_MOVE = YES;
				CLANG_WARN_UNGUARDED_AVAILABILITY = YES_AGGRESSIVE;
				CLANG_WARN_UNREACHABLE_CODE = YES;
				CLANG_WARN__DUPLICATE_METHOD_MATCH = YES;
				CODE_SIGN_IDENTITY = "iPhone Developer";
				COPY_PHASE_STRIP = NO;
				DEBUG_INFORMATION_FORMAT = dwarf;
				ENABLE_STRICT_OBJC_MSGSEND = YES;
				ENABLE_TESTABILITY = YES;
				GCC_C_LANGUAGE_STANDARD = gnu11;
				GCC_DYNAMIC_NO_PIC = NO;
				GCC_NO_COMMON_BLOCKS = YES;
				GCC_OPTIMIZATION_LEVEL = 0;
				GCC_PREPROCESSOR_DEFINITIONS = (
					"DEBUG=1",
					"$(inherited)",
				);
				GCC_WARN_64_TO_32_BIT_CONVERSION = YES;
				GCC_WARN_ABOUT_RETURN_TYPE = YES_ERROR;
				GCC_WARN_UNDECLARED_SELECTOR = YES;
				GCC_WARN_UNINITIALIZED_AUTOS = YES_AGGRESSIVE;
				GCC_WARN_UNUSED_FUNCTION = YES;
				GCC_WARN_UNUSED_VARIABLE = YES;
				IPHONEOS_DEPLOYMENT_TARGET = 12.2;
				MTL_ENABLE_DEBUG_INFO = INCLUDE_SOURCE;
				MTL_FAST_MATH = YES;
				ONLY_ACTIVE_ARCH = YES;
				SDKROOT = iphoneos;
			};
			name = Debug;
		};
		E79639F222D401E50058A50B /* Release */ = {
			isa = XCBuildConfiguration;
			buildSettings = {
				ALWAYS_SEARCH_USER_PATHS = NO;
				CLANG_ANALYZER_NONNULL = YES;
				CLANG_ANALYZER_NUMBER_OBJECT_CONVERSION = YES_AGGRESSIVE;
				CLANG_CXX_LANGUAGE_STANDARD = "gnu++14";
				CLANG_CXX_LIBRARY = "libc++";
				CLANG_ENABLE_MODULES = YES;
				CLANG_ENABLE_OBJC_ARC = YES;
				CLANG_ENABLE_OBJC_WEAK = YES;
				CLANG_WARN_BLOCK_CAPTURE_AUTORELEASING = YES;
				CLANG_WARN_BOOL_CONVERSION = YES;
				CLANG_WARN_COMMA = YES;
				CLANG_WARN_CONSTANT_CONVERSION = YES;
				CLANG_WARN_DEPRECATED_OBJC_IMPLEMENTATIONS = YES;
				CLANG_WARN_DIRECT_OBJC_ISA_USAGE = YES_ERROR;
				CLANG_WARN_DOCUMENTATION_COMMENTS = YES;
				CLANG_WARN_EMPTY_BODY = YES;
				CLANG_WARN_ENUM_CONVERSION = YES;
				CLANG_WARN_INFINITE_RECURSION = YES;
				CLANG_WARN_INT_CONVERSION = YES;
				CLANG_WARN_NON_LITERAL_NULL_CONVERSION = YES;
				CLANG_WARN_OBJC_IMPLICIT_RETAIN_SELF = YES;
				CLANG_WARN_OBJC_LITERAL_CONVERSION = YES;
				CLANG_WARN_OBJC_ROOT_CLASS = YES_ERROR;
				CLANG_WARN_RANGE_LOOP_ANALYSIS = YES;
				CLANG_WARN_STRICT_PROTOTYPES = YES;
				CLANG_WARN_SUSPICIOUS_MOVE = YES;
				CLANG_WARN_UNGUARDED_AVAILABILITY = YES_AGGRESSIVE;
				CLANG_WARN_UNREACHABLE_CODE = YES;
				CLANG_WARN__DUPLICATE_METHOD_MATCH = YES;
				CODE_SIGN_IDENTITY = "iPhone Developer";
				COPY_PHASE_STRIP = NO;
				DEBUG_INFORMATION_FORMAT = "dwarf-with-dsym";
				ENABLE_NS_ASSERTIONS = NO;
				ENABLE_STRICT_OBJC_MSGSEND = YES;
				GCC_C_LANGUAGE_STANDARD = gnu11;
				GCC_NO_COMMON_BLOCKS = YES;
				GCC_WARN_64_TO_32_BIT_CONVERSION = YES;
				GCC_WARN_ABOUT_RETURN_TYPE = YES_ERROR;
				GCC_WARN_UNDECLARED_SELECTOR = YES;
				GCC_WARN_UNINITIALIZED_AUTOS = YES_AGGRESSIVE;
				GCC_WARN_UNUSED_FUNCTION = YES;
				GCC_WARN_UNUSED_VARIABLE = YES;
				IPHONEOS_DEPLOYMENT_TARGET = 12.2;
				MTL_ENABLE_DEBUG_INFO = NO;
				MTL_FAST_MATH = YES;
				SDKROOT = iphoneos;
				VALIDATE_PRODUCT = YES;
			};
			name = Release;
		};
		E79639F422D401E50058A50B /* Debug */ = {
			isa = XCBuildConfiguration;
			baseConfigurationReference = 5C15542B1DE4AAA2FC4A5984 /* Pods-Instagrahm.debug.xcconfig */;
			buildSettings = {
				ASSETCATALOG_COMPILER_APPICON_NAME = AppIcon;
				CODE_SIGN_STYLE = Automatic;
				DEVELOPMENT_TEAM = F49UV5JFM5;
				INFOPLIST_FILE = Instagrahm/Info.plist;
				LD_RUNPATH_SEARCH_PATHS = (
					"$(inherited)",
					"@executable_path/Frameworks",
				);
				PRODUCT_BUNDLE_IDENTIFIER = com.amandahar.Instagrahm;
				PRODUCT_NAME = "$(TARGET_NAME)";
				TARGETED_DEVICE_FAMILY = "1,2";
			};
			name = Debug;
		};
		E79639F522D401E50058A50B /* Release */ = {
			isa = XCBuildConfiguration;
			baseConfigurationReference = C330ACF4C1FB4BEED4C2DC99 /* Pods-Instagrahm.release.xcconfig */;
			buildSettings = {
				ASSETCATALOG_COMPILER_APPICON_NAME = AppIcon;
				CODE_SIGN_STYLE = Automatic;
				DEVELOPMENT_TEAM = F49UV5JFM5;
				INFOPLIST_FILE = Instagrahm/Info.plist;
				LD_RUNPATH_SEARCH_PATHS = (
					"$(inherited)",
					"@executable_path/Frameworks",
				);
				PRODUCT_BUNDLE_IDENTIFIER = com.amandahar.Instagrahm;
				PRODUCT_NAME = "$(TARGET_NAME)";
				TARGETED_DEVICE_FAMILY = "1,2";
			};
			name = Release;
		};
		E79639F722D401E50058A50B /* Debug */ = {
			isa = XCBuildConfiguration;
			baseConfigurationReference = FEE1FF24D3C385FEE6975DBB /* Pods-InstagrahmTests.debug.xcconfig */;
			buildSettings = {
				BUNDLE_LOADER = "$(TEST_HOST)";
				CODE_SIGN_STYLE = Automatic;
				DEVELOPMENT_TEAM = F49UV5JFM5;
				INFOPLIST_FILE = InstagrahmTests/Info.plist;
				LD_RUNPATH_SEARCH_PATHS = (
					"$(inherited)",
					"@executable_path/Frameworks",
					"@loader_path/Frameworks",
				);
				PRODUCT_BUNDLE_IDENTIFIER = com.amandahar.InstagrahmTests;
				PRODUCT_NAME = "$(TARGET_NAME)";
				TARGETED_DEVICE_FAMILY = "1,2";
				TEST_HOST = "$(BUILT_PRODUCTS_DIR)/Instagrahm.app/Instagrahm";
			};
			name = Debug;
		};
		E79639F822D401E50058A50B /* Release */ = {
			isa = XCBuildConfiguration;
			baseConfigurationReference = 054360110C9F4C290D511EAE /* Pods-InstagrahmTests.release.xcconfig */;
			buildSettings = {
				BUNDLE_LOADER = "$(TEST_HOST)";
				CODE_SIGN_STYLE = Automatic;
				DEVELOPMENT_TEAM = F49UV5JFM5;
				INFOPLIST_FILE = InstagrahmTests/Info.plist;
				LD_RUNPATH_SEARCH_PATHS = (
					"$(inherited)",
					"@executable_path/Frameworks",
					"@loader_path/Frameworks",
				);
				PRODUCT_BUNDLE_IDENTIFIER = com.amandahar.InstagrahmTests;
				PRODUCT_NAME = "$(TARGET_NAME)";
				TARGETED_DEVICE_FAMILY = "1,2";
				TEST_HOST = "$(BUILT_PRODUCTS_DIR)/Instagrahm.app/Instagrahm";
			};
			name = Release;
		};
		E79639FA22D401E50058A50B /* Debug */ = {
			isa = XCBuildConfiguration;
			baseConfigurationReference = 4280930755880C8EE8F02A82 /* Pods-InstagrahmUITests.debug.xcconfig */;
			buildSettings = {
				CODE_SIGN_STYLE = Automatic;
				DEVELOPMENT_TEAM = F49UV5JFM5;
				INFOPLIST_FILE = InstagrahmUITests/Info.plist;
				LD_RUNPATH_SEARCH_PATHS = (
					"$(inherited)",
					"@executable_path/Frameworks",
					"@loader_path/Frameworks",
				);
				PRODUCT_BUNDLE_IDENTIFIER = com.amandahar.InstagrahmUITests;
				PRODUCT_NAME = "$(TARGET_NAME)";
				TARGETED_DEVICE_FAMILY = "1,2";
				TEST_TARGET_NAME = Instagrahm;
			};
			name = Debug;
		};
		E79639FB22D401E50058A50B /* Release */ = {
			isa = XCBuildConfiguration;
			baseConfigurationReference = FA5A13EE375F79C23FCD29DC /* Pods-InstagrahmUITests.release.xcconfig */;
			buildSettings = {
				CODE_SIGN_STYLE = Automatic;
				DEVELOPMENT_TEAM = F49UV5JFM5;
				INFOPLIST_FILE = InstagrahmUITests/Info.plist;
				LD_RUNPATH_SEARCH_PATHS = (
					"$(inherited)",
					"@executable_path/Frameworks",
					"@loader_path/Frameworks",
				);
				PRODUCT_BUNDLE_IDENTIFIER = com.amandahar.InstagrahmUITests;
				PRODUCT_NAME = "$(TARGET_NAME)";
				TARGETED_DEVICE_FAMILY = "1,2";
				TEST_TARGET_NAME = Instagrahm;
			};
			name = Release;
		};
/* End XCBuildConfiguration section */

/* Begin XCConfigurationList section */
		E79639C222D401E50058A50B /* Build configuration list for PBXProject "Instagrahm" */ = {
			isa = XCConfigurationList;
			buildConfigurations = (
				E79639F122D401E50058A50B /* Debug */,
				E79639F222D401E50058A50B /* Release */,
			);
			defaultConfigurationIsVisible = 0;
			defaultConfigurationName = Release;
		};
		E79639F322D401E50058A50B /* Build configuration list for PBXNativeTarget "Instagrahm" */ = {
			isa = XCConfigurationList;
			buildConfigurations = (
				E79639F422D401E50058A50B /* Debug */,
				E79639F522D401E50058A50B /* Release */,
			);
			defaultConfigurationIsVisible = 0;
			defaultConfigurationName = Release;
		};
		E79639F622D401E50058A50B /* Build configuration list for PBXNativeTarget "InstagrahmTests" */ = {
			isa = XCConfigurationList;
			buildConfigurations = (
				E79639F722D401E50058A50B /* Debug */,
				E79639F822D401E50058A50B /* Release */,
			);
			defaultConfigurationIsVisible = 0;
			defaultConfigurationName = Release;
		};
		E79639F922D401E50058A50B /* Build configuration list for PBXNativeTarget "InstagrahmUITests" */ = {
			isa = XCConfigurationList;
			buildConfigurations = (
				E79639FA22D401E50058A50B /* Debug */,
				E79639FB22D401E50058A50B /* Release */,
			);
			defaultConfigurationIsVisible = 0;
			defaultConfigurationName = Release;
		};
/* End XCConfigurationList section */
	};
	rootObject = E79639BF22D401E50058A50B /* Project object */;
}
